// !$*UTF8*$!
{
	archiveVersion = 1;
	classes = {
	};
	objectVersion = 56;
	objects = {

/* Begin PBXBuildFile section */
		473C8A63293BB2D6002D4363 /* BankingAppApp.swift in Sources */ = {isa = PBXBuildFile; fileRef = 473C8A62293BB2D6002D4363 /* BankingAppApp.swift */; };
		473C8A65293BB2D6002D4363 /* ContentView.swift in Sources */ = {isa = PBXBuildFile; fileRef = 473C8A64293BB2D6002D4363 /* ContentView.swift */; };
		473C8A67293BB2D8002D4363 /* Assets.xcassets in Resources */ = {isa = PBXBuildFile; fileRef = 473C8A66293BB2D8002D4363 /* Assets.xcassets */; };
		473C8A6A293BB2D8002D4363 /* Preview Assets.xcassets in Resources */ = {isa = PBXBuildFile; fileRef = 473C8A69293BB2D8002D4363 /* Preview Assets.xcassets */; };
		473C8A74293BB33F002D4363 /* MainView.swift in Sources */ = {isa = PBXBuildFile; fileRef = 473C8A73293BB33F002D4363 /* MainView.swift */; };
		473C8A76293BB419002D4363 /* Home.swift in Sources */ = {isa = PBXBuildFile; fileRef = 473C8A75293BB419002D4363 /* Home.swift */; };
		473C8A78293BB423002D4363 /* Company.swift in Sources */ = {isa = PBXBuildFile; fileRef = 473C8A77293BB423002D4363 /* Company.swift */; };
		473C8A7A293BB42B002D4363 /* MapView.swift in Sources */ = {isa = PBXBuildFile; fileRef = 473C8A79293BB42B002D4363 /* MapView.swift */; };
		473C8A7C293BB432002D4363 /* Settings.swift in Sources */ = {isa = PBXBuildFile; fileRef = 473C8A7B293BB432002D4363 /* Settings.swift */; };
		473C8A80293FA979002D4363 /* MapViewModel.swift in Sources */ = {isa = PBXBuildFile; fileRef = 473C8A7F293FA979002D4363 /* MapViewModel.swift */; };
		473C8A822940FA65002D4363 /* LoginView.swift in Sources */ = {isa = PBXBuildFile; fileRef = 473C8A812940FA65002D4363 /* LoginView.swift */; };
		473C8A842940FB96002D4363 /* LoginViewModel.swift in Sources */ = {isa = PBXBuildFile; fileRef = 473C8A832940FB96002D4363 /* LoginViewModel.swift */; };
		47E7B76B297708730027EF05 /* User.swift in Sources */ = {isa = PBXBuildFile; fileRef = 47E7B76A297708730027EF05 /* User.swift */; };
		47E7B76D2977096F0027EF05 /* LoginRequestBody.swift in Sources */ = {isa = PBXBuildFile; fileRef = 47E7B76C2977096F0027EF05 /* LoginRequestBody.swift */; };
		47E7B76F297709EC0027EF05 /* LoginResponse.swift in Sources */ = {isa = PBXBuildFile; fileRef = 47E7B76E297709EC0027EF05 /* LoginResponse.swift */; };
		47E7B77129770AAB0027EF05 /* UserModel.swift in Sources */ = {isa = PBXBuildFile; fileRef = 47E7B77029770AAB0027EF05 /* UserModel.swift */; };
		47E7B773297863DE0027EF05 /* UserListView.swift in Sources */ = {isa = PBXBuildFile; fileRef = 47E7B772297863DE0027EF05 /* UserListView.swift */; };
		47E7B775297863EE0027EF05 /* UserDetailView.swift in Sources */ = {isa = PBXBuildFile; fileRef = 47E7B774297863EE0027EF05 /* UserDetailView.swift */; };
		47E7B777297863F90027EF05 /* EditUserView.swift in Sources */ = {isa = PBXBuildFile; fileRef = 47E7B776297863F90027EF05 /* EditUserView.swift */; };
		47E7B779297864000027EF05 /* AddUserView.swift in Sources */ = {isa = PBXBuildFile; fileRef = 47E7B778297864000027EF05 /* AddUserView.swift */; };
		47E7B77B297AFBA70027EF05 /* CreateUserRequest.swift in Sources */ = {isa = PBXBuildFile; fileRef = 47E7B77A297AFBA70027EF05 /* CreateUserRequest.swift */; };
		47E7B77D297B02A70027EF05 /* Date+Extensions.swift in Sources */ = {isa = PBXBuildFile; fileRef = 47E7B77C297B02A70027EF05 /* Date+Extensions.swift */; };
		47E7B7A329897F460027EF05 /* UserType.swift in Sources */ = {isa = PBXBuildFile; fileRef = 47E7B7A229897F460027EF05 /* UserType.swift */; };
		47ECA1B4297071BF00191B37 /* URL+Extensions.swift in Sources */ = {isa = PBXBuildFile; fileRef = 47ECA1B3297071BF00191B37 /* URL+Extensions.swift */; };
		47ECA1B6297071CA00191B37 /* HTTPClient.swift in Sources */ = {isa = PBXBuildFile; fileRef = 47ECA1B5297071CA00191B37 /* HTTPClient.swift */; };
/* End PBXBuildFile section */

/* Begin PBXFileReference section */
		473C8A5F293BB2D6002D4363 /* BankingApp.app */ = {isa = PBXFileReference; explicitFileType = wrapper.application; includeInIndex = 0; path = BankingApp.app; sourceTree = BUILT_PRODUCTS_DIR; };
		473C8A62293BB2D6002D4363 /* BankingAppApp.swift */ = {isa = PBXFileReference; lastKnownFileType = sourcecode.swift; path = BankingAppApp.swift; sourceTree = "<group>"; };
		473C8A64293BB2D6002D4363 /* ContentView.swift */ = {isa = PBXFileReference; lastKnownFileType = sourcecode.swift; path = ContentView.swift; sourceTree = "<group>"; };
		473C8A66293BB2D8002D4363 /* Assets.xcassets */ = {isa = PBXFileReference; lastKnownFileType = folder.assetcatalog; path = Assets.xcassets; sourceTree = "<group>"; };
		473C8A69293BB2D8002D4363 /* Preview Assets.xcassets */ = {isa = PBXFileReference; lastKnownFileType = folder.assetcatalog; path = "Preview Assets.xcassets"; sourceTree = "<group>"; };
		473C8A73293BB33F002D4363 /* MainView.swift */ = {isa = PBXFileReference; lastKnownFileType = sourcecode.swift; path = MainView.swift; sourceTree = "<group>"; };
		473C8A75293BB419002D4363 /* Home.swift */ = {isa = PBXFileReference; lastKnownFileType = sourcecode.swift; path = Home.swift; sourceTree = "<group>"; };
		473C8A77293BB423002D4363 /* Company.swift */ = {isa = PBXFileReference; lastKnownFileType = sourcecode.swift; path = Company.swift; sourceTree = "<group>"; };
		473C8A79293BB42B002D4363 /* MapView.swift */ = {isa = PBXFileReference; lastKnownFileType = sourcecode.swift; path = MapView.swift; sourceTree = "<group>"; };
		473C8A7B293BB432002D4363 /* Settings.swift */ = {isa = PBXFileReference; lastKnownFileType = sourcecode.swift; path = Settings.swift; sourceTree = "<group>"; };
		473C8A7F293FA979002D4363 /* MapViewModel.swift */ = {isa = PBXFileReference; lastKnownFileType = sourcecode.swift; path = MapViewModel.swift; sourceTree = "<group>"; };
		473C8A812940FA65002D4363 /* LoginView.swift */ = {isa = PBXFileReference; lastKnownFileType = sourcecode.swift; path = LoginView.swift; sourceTree = "<group>"; };
		473C8A832940FB96002D4363 /* LoginViewModel.swift */ = {isa = PBXFileReference; lastKnownFileType = sourcecode.swift; path = LoginViewModel.swift; sourceTree = "<group>"; };
		47E7B76A297708730027EF05 /* User.swift */ = {isa = PBXFileReference; lastKnownFileType = sourcecode.swift; path = User.swift; sourceTree = "<group>"; };
		47E7B76C2977096F0027EF05 /* LoginRequestBody.swift */ = {isa = PBXFileReference; lastKnownFileType = sourcecode.swift; path = LoginRequestBody.swift; sourceTree = "<group>"; };
		47E7B76E297709EC0027EF05 /* LoginResponse.swift */ = {isa = PBXFileReference; lastKnownFileType = sourcecode.swift; path = LoginResponse.swift; sourceTree = "<group>"; };
		47E7B77029770AAB0027EF05 /* UserModel.swift */ = {isa = PBXFileReference; lastKnownFileType = sourcecode.swift; path = UserModel.swift; sourceTree = "<group>"; };
		47E7B772297863DE0027EF05 /* UserListView.swift */ = {isa = PBXFileReference; lastKnownFileType = sourcecode.swift; path = UserListView.swift; sourceTree = "<group>"; };
		47E7B774297863EE0027EF05 /* UserDetailView.swift */ = {isa = PBXFileReference; lastKnownFileType = sourcecode.swift; path = UserDetailView.swift; sourceTree = "<group>"; };
		47E7B776297863F90027EF05 /* EditUserView.swift */ = {isa = PBXFileReference; lastKnownFileType = sourcecode.swift; path = EditUserView.swift; sourceTree = "<group>"; };
		47E7B778297864000027EF05 /* AddUserView.swift */ = {isa = PBXFileReference; lastKnownFileType = sourcecode.swift; path = AddUserView.swift; sourceTree = "<group>"; };
		47E7B77A297AFBA70027EF05 /* CreateUserRequest.swift */ = {isa = PBXFileReference; lastKnownFileType = sourcecode.swift; path = CreateUserRequest.swift; sourceTree = "<group>"; };
		47E7B77C297B02A70027EF05 /* Date+Extensions.swift */ = {isa = PBXFileReference; lastKnownFileType = sourcecode.swift; path = "Date+Extensions.swift"; sourceTree = "<group>"; };
		47E7B7A229897F460027EF05 /* UserType.swift */ = {isa = PBXFileReference; lastKnownFileType = sourcecode.swift; path = UserType.swift; sourceTree = "<group>"; };
		47ECA1B3297071BF00191B37 /* URL+Extensions.swift */ = {isa = PBXFileReference; lastKnownFileType = sourcecode.swift; path = "URL+Extensions.swift"; sourceTree = "<group>"; };
		47ECA1B5297071CA00191B37 /* HTTPClient.swift */ = {isa = PBXFileReference; lastKnownFileType = sourcecode.swift; path = HTTPClient.swift; sourceTree = "<group>"; };
/* End PBXFileReference section */

/* Begin PBXFrameworksBuildPhase section */
		473C8A5C293BB2D6002D4363 /* Frameworks */ = {
			isa = PBXFrameworksBuildPhase;
			buildActionMask = 2147483647;
			files = (
			);
			runOnlyForDeploymentPostprocessing = 0;
		};
/* End PBXFrameworksBuildPhase section */

/* Begin PBXGroup section */
		473C8A56293BB2D6002D4363 = {
			isa = PBXGroup;
			children = (
				473C8A61293BB2D6002D4363 /* BankingApp */,
				473C8A60293BB2D6002D4363 /* Products */,
			);
			sourceTree = "<group>";
		};
		473C8A60293BB2D6002D4363 /* Products */ = {
			isa = PBXGroup;
			children = (
				473C8A5F293BB2D6002D4363 /* BankingApp.app */,
			);
			name = Products;
			sourceTree = "<group>";
		};
		473C8A61293BB2D6002D4363 /* BankingApp */ = {
			isa = PBXGroup;
			children = (
				47ECA1B82970744900191B37 /* Services */,
				47ECA1B72970743B00191B37 /* Extensions */,
				473C8A72293BB300002D4363 /* ViewModels */,
				473C8A71293BB2FC002D4363 /* Models */,
				473C8A70293BB2F7002D4363 /* Views */,
				473C8A62293BB2D6002D4363 /* BankingAppApp.swift */,
				473C8A64293BB2D6002D4363 /* ContentView.swift */,
				473C8A66293BB2D8002D4363 /* Assets.xcassets */,
				473C8A68293BB2D8002D4363 /* Preview Content */,
			);
			path = BankingApp;
			sourceTree = "<group>";
		};
		473C8A68293BB2D8002D4363 /* Preview Content */ = {
			isa = PBXGroup;
			children = (
				473C8A69293BB2D8002D4363 /* Preview Assets.xcassets */,
			);
			path = "Preview Content";
			sourceTree = "<group>";
		};
		473C8A70293BB2F7002D4363 /* Views */ = {
			isa = PBXGroup;
			children = (
				473C8A73293BB33F002D4363 /* MainView.swift */,
				473C8A75293BB419002D4363 /* Home.swift */,
				473C8A77293BB423002D4363 /* Company.swift */,
				473C8A79293BB42B002D4363 /* MapView.swift */,
				473C8A7B293BB432002D4363 /* Settings.swift */,
				473C8A812940FA65002D4363 /* LoginView.swift */,
				47E7B772297863DE0027EF05 /* UserListView.swift */,
				47E7B774297863EE0027EF05 /* UserDetailView.swift */,
				47E7B776297863F90027EF05 /* EditUserView.swift */,
				47E7B778297864000027EF05 /* AddUserView.swift */,
			);
			path = Views;
			sourceTree = "<group>";
		};
		473C8A71293BB2FC002D4363 /* Models */ = {
			isa = PBXGroup;
			children = (
				47E7B76A297708730027EF05 /* User.swift */,
				47E7B76C2977096F0027EF05 /* LoginRequestBody.swift */,
				47E7B76E297709EC0027EF05 /* LoginResponse.swift */,
				47E7B77029770AAB0027EF05 /* UserModel.swift */,
				47E7B77A297AFBA70027EF05 /* CreateUserRequest.swift */,
				47E7B7A229897F460027EF05 /* UserType.swift */,
			);
			path = Models;
			sourceTree = "<group>";
		};
		473C8A72293BB300002D4363 /* ViewModels */ = {
			isa = PBXGroup;
			children = (
				473C8A7F293FA979002D4363 /* MapViewModel.swift */,
				473C8A832940FB96002D4363 /* LoginViewModel.swift */,
			);
			path = ViewModels;
			sourceTree = "<group>";
		};
		47ECA1B72970743B00191B37 /* Extensions */ = {
			isa = PBXGroup;
			children = (
				47ECA1B3297071BF00191B37 /* URL+Extensions.swift */,
				47E7B77C297B02A70027EF05 /* Date+Extensions.swift */,
			);
			path = Extensions;
			sourceTree = "<group>";
		};
		47ECA1B82970744900191B37 /* Services */ = {
			isa = PBXGroup;
			children = (
				47ECA1B5297071CA00191B37 /* HTTPClient.swift */,
			);
			path = Services;
			sourceTree = "<group>";
		};
/* End PBXGroup section */

/* Begin PBXNativeTarget section */
		473C8A5E293BB2D6002D4363 /* BankingApp */ = {
			isa = PBXNativeTarget;
			buildConfigurationList = 473C8A6D293BB2D8002D4363 /* Build configuration list for PBXNativeTarget "BankingApp" */;
			buildPhases = (
				473C8A5B293BB2D6002D4363 /* Sources */,
				473C8A5C293BB2D6002D4363 /* Frameworks */,
				473C8A5D293BB2D6002D4363 /* Resources */,
			);
			buildRules = (
			);
			dependencies = (
			);
			name = BankingApp;
			productName = BankingApp;
			productReference = 473C8A5F293BB2D6002D4363 /* BankingApp.app */;
			productType = "com.apple.product-type.application";
		};
/* End PBXNativeTarget section */

/* Begin PBXProject section */
		473C8A57293BB2D6002D4363 /* Project object */ = {
			isa = PBXProject;
			attributes = {
				BuildIndependentTargetsInParallel = 1;
				LastSwiftUpdateCheck = 1400;
				LastUpgradeCheck = 1400;
				TargetAttributes = {
					473C8A5E293BB2D6002D4363 = {
						CreatedOnToolsVersion = 14.0.1;
					};
				};
			};
			buildConfigurationList = 473C8A5A293BB2D6002D4363 /* Build configuration list for PBXProject "BankingApp" */;
			compatibilityVersion = "Xcode 14.0";
			developmentRegion = en;
			hasScannedForEncodings = 0;
			knownRegions = (
				en,
				Base,
			);
			mainGroup = 473C8A56293BB2D6002D4363;
			productRefGroup = 473C8A60293BB2D6002D4363 /* Products */;
			projectDirPath = "";
			projectRoot = "";
			targets = (
				473C8A5E293BB2D6002D4363 /* BankingApp */,
			);
		};
/* End PBXProject section */

/* Begin PBXResourcesBuildPhase section */
		473C8A5D293BB2D6002D4363 /* Resources */ = {
			isa = PBXResourcesBuildPhase;
			buildActionMask = 2147483647;
			files = (
				473C8A6A293BB2D8002D4363 /* Preview Assets.xcassets in Resources */,
				473C8A67293BB2D8002D4363 /* Assets.xcassets in Resources */,
			);
			runOnlyForDeploymentPostprocessing = 0;
		};
/* End PBXResourcesBuildPhase section */

/* Begin PBXSourcesBuildPhase section */
		473C8A5B293BB2D6002D4363 /* Sources */ = {
			isa = PBXSourcesBuildPhase;
			buildActionMask = 2147483647;
			files = (
				47E7B773297863DE0027EF05 /* UserListView.swift in Sources */,
				47E7B77D297B02A70027EF05 /* Date+Extensions.swift in Sources */,
				47E7B76B297708730027EF05 /* User.swift in Sources */,
				47ECA1B4297071BF00191B37 /* URL+Extensions.swift in Sources */,
				473C8A65293BB2D6002D4363 /* ContentView.swift in Sources */,
				47E7B775297863EE0027EF05 /* UserDetailView.swift in Sources */,
				473C8A74293BB33F002D4363 /* MainView.swift in Sources */,
				473C8A76293BB419002D4363 /* Home.swift in Sources */,
				47E7B779297864000027EF05 /* AddUserView.swift in Sources */,
				473C8A822940FA65002D4363 /* LoginView.swift in Sources */,
				473C8A78293BB423002D4363 /* Company.swift in Sources */,
				473C8A7C293BB432002D4363 /* Settings.swift in Sources */,
				473C8A7A293BB42B002D4363 /* MapView.swift in Sources */,
				47E7B777297863F90027EF05 /* EditUserView.swift in Sources */,
				47E7B7A329897F460027EF05 /* UserType.swift in Sources */,
				47E7B76D2977096F0027EF05 /* LoginRequestBody.swift in Sources */,
				47E7B77129770AAB0027EF05 /* UserModel.swift in Sources */,
				473C8A63293BB2D6002D4363 /* BankingAppApp.swift in Sources */,
				473C8A842940FB96002D4363 /* LoginViewModel.swift in Sources */,
				473C8A80293FA979002D4363 /* MapViewModel.swift in Sources */,
				47ECA1B6297071CA00191B37 /* HTTPClient.swift in Sources */,
				47E7B76F297709EC0027EF05 /* LoginResponse.swift in Sources */,
				47E7B77B297AFBA70027EF05 /* CreateUserRequest.swift in Sources */,
			);
			runOnlyForDeploymentPostprocessing = 0;
		};
/* End PBXSourcesBuildPhase section */

/* Begin XCBuildConfiguration section */
		473C8A6B293BB2D8002D4363 /* Debug */ = {
			isa = XCBuildConfiguration;
			buildSettings = {
				ALWAYS_SEARCH_USER_PATHS = NO;
				CLANG_ANALYZER_NONNULL = YES;
				CLANG_ANALYZER_NUMBER_OBJECT_CONVERSION = YES_AGGRESSIVE;
				CLANG_CXX_LANGUAGE_STANDARD = "gnu++20";
				CLANG_ENABLE_MODULES = YES;
				CLANG_ENABLE_OBJC_ARC = YES;
				CLANG_ENABLE_OBJC_WEAK = YES;
				CLANG_WARN_BLOCK_CAPTURE_AUTORELEASING = YES;
				CLANG_WARN_BOOL_CONVERSION = YES;
				CLANG_WARN_COMMA = YES;
				CLANG_WARN_CONSTANT_CONVERSION = YES;
				CLANG_WARN_DEPRECATED_OBJC_IMPLEMENTATIONS = YES;
				CLANG_WARN_DIRECT_OBJC_ISA_USAGE = YES_ERROR;
				CLANG_WARN_DOCUMENTATION_COMMENTS = YES;
				CLANG_WARN_EMPTY_BODY = YES;
				CLANG_WARN_ENUM_CONVERSION = YES;
				CLANG_WARN_INFINITE_RECURSION = YES;
				CLANG_WARN_INT_CONVERSION = YES;
				CLANG_WARN_NON_LITERAL_NULL_CONVERSION = YES;
				CLANG_WARN_OBJC_IMPLICIT_RETAIN_SELF = YES;
				CLANG_WARN_OBJC_LITERAL_CONVERSION = YES;
				CLANG_WARN_OBJC_ROOT_CLASS = YES_ERROR;
				CLANG_WARN_QUOTED_INCLUDE_IN_FRAMEWORK_HEADER = YES;
				CLANG_WARN_RANGE_LOOP_ANALYSIS = YES;
				CLANG_WARN_STRICT_PROTOTYPES = YES;
				CLANG_WARN_SUSPICIOUS_MOVE = YES;
				CLANG_WARN_UNGUARDED_AVAILABILITY = YES_AGGRESSIVE;
				CLANG_WARN_UNREACHABLE_CODE = YES;
				CLANG_WARN__DUPLICATE_METHOD_MATCH = YES;
				COPY_PHASE_STRIP = NO;
				DEBUG_INFORMATION_FORMAT = dwarf;
				ENABLE_STRICT_OBJC_MSGSEND = YES;
				ENABLE_TESTABILITY = YES;
				GCC_C_LANGUAGE_STANDARD = gnu11;
				GCC_DYNAMIC_NO_PIC = NO;
				GCC_NO_COMMON_BLOCKS = YES;
				GCC_OPTIMIZATION_LEVEL = 0;
				GCC_PREPROCESSOR_DEFINITIONS = (
					"DEBUG=1",
					"$(inherited)",
				);
				GCC_WARN_64_TO_32_BIT_CONVERSION = YES;
				GCC_WARN_ABOUT_RETURN_TYPE = YES_ERROR;
				GCC_WARN_UNDECLARED_SELECTOR = YES;
				GCC_WARN_UNINITIALIZED_AUTOS = YES_AGGRESSIVE;
				GCC_WARN_UNUSED_FUNCTION = YES;
				GCC_WARN_UNUSED_VARIABLE = YES;
				IPHONEOS_DEPLOYMENT_TARGET = 16.0;
				MTL_ENABLE_DEBUG_INFO = INCLUDE_SOURCE;
				MTL_FAST_MATH = YES;
				ONLY_ACTIVE_ARCH = YES;
				SDKROOT = iphoneos;
				SWIFT_ACTIVE_COMPILATION_CONDITIONS = DEBUG;
				SWIFT_OPTIMIZATION_LEVEL = "-Onone";
			};
			name = Debug;
		};
		473C8A6C293BB2D8002D4363 /* Release */ = {
			isa = XCBuildConfiguration;
			buildSettings = {
				ALWAYS_SEARCH_USER_PATHS = NO;
				CLANG_ANALYZER_NONNULL = YES;
				CLANG_ANALYZER_NUMBER_OBJECT_CONVERSION = YES_AGGRESSIVE;
				CLANG_CXX_LANGUAGE_STANDARD = "gnu++20";
				CLANG_ENABLE_MODULES = YES;
				CLANG_ENABLE_OBJC_ARC = YES;
				CLANG_ENABLE_OBJC_WEAK = YES;
				CLANG_WARN_BLOCK_CAPTURE_AUTORELEASING = YES;
				CLANG_WARN_BOOL_CONVERSION = YES;
				CLANG_WARN_COMMA = YES;
				CLANG_WARN_CONSTANT_CONVERSION = YES;
				CLANG_WARN_DEPRECATED_OBJC_IMPLEMENTATIONS = YES;
				CLANG_WARN_DIRECT_OBJC_ISA_USAGE = YES_ERROR;
				CLANG_WARN_DOCUMENTATION_COMMENTS = YES;
				CLANG_WARN_EMPTY_BODY = YES;
				CLANG_WARN_ENUM_CONVERSION = YES;
				CLANG_WARN_INFINITE_RECURSION = YES;
				CLANG_WARN_INT_CONVERSION = YES;
				CLANG_WARN_NON_LITERAL_NULL_CONVERSION = YES;
				CLANG_WARN_OBJC_IMPLICIT_RETAIN_SELF = YES;
				CLANG_WARN_OBJC_LITERAL_CONVERSION = YES;
				CLANG_WARN_OBJC_ROOT_CLASS = YES_ERROR;
				CLANG_WARN_QUOTED_INCLUDE_IN_FRAMEWORK_HEADER = YES;
				CLANG_WARN_RANGE_LOOP_ANALYSIS = YES;
				CLANG_WARN_STRICT_PROTOTYPES = YES;
				CLANG_WARN_SUSPICIOUS_MOVE = YES;
				CLANG_WARN_UNGUARDED_AVAILABILITY = YES_AGGRESSIVE;
				CLANG_WARN_UNREACHABLE_CODE = YES;
				CLANG_WARN__DUPLICATE_METHOD_MATCH = YES;
				COPY_PHASE_STRIP = NO;
				DEBUG_INFORMATION_FORMAT = "dwarf-with-dsym";
				ENABLE_NS_ASSERTIONS = NO;
				ENABLE_STRICT_OBJC_MSGSEND = YES;
				GCC_C_LANGUAGE_STANDARD = gnu11;
				GCC_NO_COMMON_BLOCKS = YES;
				GCC_WARN_64_TO_32_BIT_CONVERSION = YES;
				GCC_WARN_ABOUT_RETURN_TYPE = YES_ERROR;
				GCC_WARN_UNDECLARED_SELECTOR = YES;
				GCC_WARN_UNINITIALIZED_AUTOS = YES_AGGRESSIVE;
				GCC_WARN_UNUSED_FUNCTION = YES;
				GCC_WARN_UNUSED_VARIABLE = YES;
				IPHONEOS_DEPLOYMENT_TARGET = 16.0;
				MTL_ENABLE_DEBUG_INFO = NO;
				MTL_FAST_MATH = YES;
				SDKROOT = iphoneos;
				SWIFT_COMPILATION_MODE = wholemodule;
				SWIFT_OPTIMIZATION_LEVEL = "-O";
				VALIDATE_PRODUCT = YES;
			};
			name = Release;
		};
		473C8A6E293BB2D8002D4363 /* Debug */ = {
			isa = XCBuildConfiguration;
			buildSettings = {
				ASSETCATALOG_COMPILER_APPICON_NAME = AppIcon;
				ASSETCATALOG_COMPILER_GLOBAL_ACCENT_COLOR_NAME = AccentColor;
				CODE_SIGN_STYLE = Automatic;
				CURRENT_PROJECT_VERSION = 1;
				DEVELOPMENT_ASSET_PATHS = "\"BankingApp/Preview Content\"";
				DEVELOPMENT_TEAM = DNXWPR58XZ;
				ENABLE_PREVIEWS = YES;
				GENERATE_INFOPLIST_FILE = YES;
				INFOPLIST_KEY_NSLocationWhenInUseUsageDescription = "This app needs your location to show it on the map";
				INFOPLIST_KEY_UIApplicationSceneManifest_Generation = YES;
				INFOPLIST_KEY_UIApplicationSupportsIndirectInputEvents = YES;
				INFOPLIST_KEY_UILaunchScreen_Generation = YES;
				INFOPLIST_KEY_UISupportedInterfaceOrientations_iPad = "UIInterfaceOrientationPortrait UIInterfaceOrientationPortraitUpsideDown UIInterfaceOrientationLandscapeLeft UIInterfaceOrientationLandscapeRight";
				INFOPLIST_KEY_UISupportedInterfaceOrientations_iPhone = "UIInterfaceOrientationPortrait UIInterfaceOrientationLandscapeLeft UIInterfaceOrientationLandscapeRight";
				LD_RUNPATH_SEARCH_PATHS = (
					"$(inherited)",
					"@executable_path/Frameworks",
				);
				MARKETING_VERSION = 1.0;
				PRODUCT_BUNDLE_IDENTIFIER = LVS.BankingApp;
				PRODUCT_NAME = "$(TARGET_NAME)";
				SWIFT_EMIT_LOC_STRINGS = YES;
				SWIFT_VERSION = 5.0;
				TARGETED_DEVICE_FAMILY = "1,2";
			};
			name = Debug;
		};
		473C8A6F293BB2D8002D4363 /* Release */ = {
			isa = XCBuildConfiguration;
			buildSettings = {
				ASSETCATALOG_COMPILER_APPICON_NAME = AppIcon;
				ASSETCATALOG_COMPILER_GLOBAL_ACCENT_COLOR_NAME = AccentColor;
				CODE_SIGN_STYLE = Automatic;
				CURRENT_PROJECT_VERSION = 1;
				DEVELOPMENT_ASSET_PATHS = "\"BankingApp/Preview Content\"";
				DEVELOPMENT_TEAM = DNXWPR58XZ;
				ENABLE_PREVIEWS = YES;
				GENERATE_INFOPLIST_FILE = YES;
				INFOPLIST_KEY_NSLocationWhenInUseUsageDescription = "This app needs your location to show it on the map";
				INFOPLIST_KEY_UIApplicationSceneManifest_Generation = YES;
				INFOPLIST_KEY_UIApplicationSupportsIndirectInputEvents = YES;
				INFOPLIST_KEY_UILaunchScreen_Generation = YES;
				INFOPLIST_KEY_UISupportedInterfaceOrientations_iPad = "UIInterfaceOrientationPortrait UIInterfaceOrientationPortraitUpsideDown UIInterfaceOrientationLandscapeLeft UIInterfaceOrientationLandscapeRight";
				INFOPLIST_KEY_UISupportedInterfaceOrientations_iPhone = "UIInterfaceOrientationPortrait UIInterfaceOrientationLandscapeLeft UIInterfaceOrientationLandscapeRight";
				LD_RUNPATH_SEARCH_PATHS = (
					"$(inherited)",
					"@executable_path/Frameworks",
				);
				MARKETING_VERSION = 1.0;
				PRODUCT_BUNDLE_IDENTIFIER = LVS.BankingApp;
				PRODUCT_NAME = "$(TARGET_NAME)";
				SWIFT_EMIT_LOC_STRINGS = YES;
				SWIFT_VERSION = 5.0;
				TARGETED_DEVICE_FAMILY = "1,2";
			};
			name = Release;
		};
/* End XCBuildConfiguration section */

/* Begin XCConfigurationList section */
		473C8A5A293BB2D6002D4363 /* Build configuration list for PBXProject "BankingApp" */ = {
			isa = XCConfigurationList;
			buildConfigurations = (
				473C8A6B293BB2D8002D4363 /* Debug */,
				473C8A6C293BB2D8002D4363 /* Release */,
			);
			defaultConfigurationIsVisible = 0;
			defaultConfigurationName = Release;
		};
		473C8A6D293BB2D8002D4363 /* Build configuration list for PBXNativeTarget "BankingApp" */ = {
			isa = XCConfigurationList;
			buildConfigurations = (
				473C8A6E293BB2D8002D4363 /* Debug */,
				473C8A6F293BB2D8002D4363 /* Release */,
			);
			defaultConfigurationIsVisible = 0;
			defaultConfigurationName = Release;
		};
/* End XCConfigurationList section */
	};
	rootObject = 473C8A57293BB2D6002D4363 /* Project object */;
}
